PODS:
  - Artisan (3.0.7):
    - Draftsman (~> 1.0.7)
    - Pharos (~> 1.1.5)
  - Draftsman (1.0.7)
  - FBSnapshotTestCase (2.1.4):
    - FBSnapshotTestCase/SwiftSupport (= 2.1.4)
  - FBSnapshotTestCase/Core (2.1.4)
  - FBSnapshotTestCase/SwiftSupport (2.1.4):
    - FBSnapshotTestCase/Core
  - iOSSnapshotTestCase (6.2.0):
    - iOSSnapshotTestCase/SwiftSupport (= 6.2.0)
  - iOSSnapshotTestCase/Core (6.2.0)
  - iOSSnapshotTestCase/SwiftSupport (6.2.0):
    - iOSSnapshotTestCase/Core
  - Nimble (9.2.0)
  - Nimble-Snapshots (9.1.0):
    - Nimble-Snapshots/Core (= 9.1.0)
  - Nimble-Snapshots/Core (9.1.0):
    - iOSSnapshotTestCase (~> 6.0)
    - Nimble
  - Pharos (1.1.5)
  - Quick (4.0.0)

DEPENDENCIES:
  - Artisan (from `../`)
  - FBSnapshotTestCase (~> 2.1.4)
  - Nimble (~> 9.2.0)
  - Nimble-Snapshots (~> 9.1.0)
  - Quick (~> 4.0.0)

SPEC REPOS:
  trunk:
    - Draftsman
    - FBSnapshotTestCase
    - iOSSnapshotTestCase
    - Nimble
    - Nimble-Snapshots
    - Pharos
    - Quick

EXTERNAL SOURCES:
  Artisan:
    :path: "../"

SPEC CHECKSUMS:
  Artisan: 5f78a39332b0ff08a4a56db19e7e62fba4900677
  Draftsman: 83092ff647b033bd0fad59d743dd6e8e5492838d
  FBSnapshotTestCase: 094f9f314decbabe373b87cc339bea235a63e07a
  iOSSnapshotTestCase: 9ab44cb5aa62b84d31847f40680112e15ec579a6
  Nimble: 4f4a345c80b503b3ea13606a4f98405974ee4d0b
  Nimble-Snapshots: 6605431525245f967ca9d558bb12a49da3d040e3
  Pharos: c035f2f16a58be96be011df2d6e6c64d28bf037f
  Quick: 6473349e43b9271a8d43839d9ba1c442ed1b7ac4

PODFILE CHECKSUM: bb611fdaaf36af3dbbd770a0e687cfb998d6a73d

COCOAPODS: 1.10.1
