PODS:
  - Artisan (4.0.2):
    - Builder (~> 1.0.1)
    - Draftsman (~> 2.0.3)
    - Pharos (~> 1.2.3)
  - Builder (1.0.1)
  - Clavier (1.0.2)
  - Draftsman (2.0.3):
    - Clavier (~> 1.0.2)
  - FBSnapshotTestCase (2.1.4):
    - FBSnapshotTestCase/SwiftSupport (= 2.1.4)
  - FBSnapshotTestCase/Core (2.1.4)
  - FBSnapshotTestCase/SwiftSupport (2.1.4):
    - FBSnapshotTestCase/Core
  - iOSSnapshotTestCase (6.2.0):
    - iOSSnapshotTestCase/SwiftSupport (= 6.2.0)
  - iOSSnapshotTestCase/Core (6.2.0)
  - iOSSnapshotTestCase/SwiftSupport (6.2.0):
    - iOSSnapshotTestCase/Core
  - Nimble (9.2.0)
  - Nimble-Snapshots (9.1.0):
    - Nimble-Snapshots/Core (= 9.1.0)
  - Nimble-Snapshots/Core (9.1.0):
    - iOSSnapshotTestCase (~> 6.0)
    - Nimble
  - Pharos (1.2.3)
  - Quick (4.0.0)

DEPENDENCIES:
  - Artisan (from `../`)
  - FBSnapshotTestCase (~> 2.1.4)
  - Nimble (~> 9.2.0)
  - Nimble-Snapshots (~> 9.1.0)
  - Quick (~> 4.0.0)

SPEC REPOS:
  trunk:
    - Builder
    - Clavier
    - Draftsman
    - FBSnapshotTestCase
    - iOSSnapshotTestCase
    - Nimble
    - Nimble-Snapshots
    - Pharos
    - Quick

EXTERNAL SOURCES:
  Artisan:
    :path: "../"

SPEC CHECKSUMS:
  Artisan: ac25dd8659a0f8146d09e98c2b6898bc823e25f1
  Builder: 66effa998c9ff4b327b129de18d6218026b7071f
  Clavier: 5ff754d3cc20b75e9ebe4412517a72cc47877939
  Draftsman: 33fc53bddb94328ce3a6068bd63851bf6382a9fe
  FBSnapshotTestCase: 094f9f314decbabe373b87cc339bea235a63e07a
  iOSSnapshotTestCase: 9ab44cb5aa62b84d31847f40680112e15ec579a6
  Nimble: 4f4a345c80b503b3ea13606a4f98405974ee4d0b
  Nimble-Snapshots: 6605431525245f967ca9d558bb12a49da3d040e3
  Pharos: 6f81e749868ffdb6526b8cfd24095bac054f9851
  Quick: 6473349e43b9271a8d43839d9ba1c442ed1b7ac4

PODFILE CHECKSUM: bb611fdaaf36af3dbbd770a0e687cfb998d6a73d

COCOAPODS: 1.10.1
