{
  "object": {
    "pins": [
      {
        "package": "Builder",
        "repositoryURL": "https://github.com/hainayanda/Builder.git",
        "state": {
          "branch": null,
          "revision": "c901a96996b9ee2cf1e8d6619d4ee70e739774fa",
          "version": "1.0.3"
        }
      },
      {
        "package": "Clavier",
        "repositoryURL": "https://github.com/hainayanda/Clavier.git",
        "state": {
          "branch": null,
          "revision": "a646111440bf434b9ea709a7f1785372ae5731ec",
          "version": "2.0.0"
        }
      },
      {
        "package": "CwlCatchException",
        "repositoryURL": "https://github.com/mattgallagher/CwlCatchException.git",
        "state": {
          "branch": null,
          "revision": "f809deb30dc5c9d9b78c872e553261a61177721a",
          "version": "2.0.0"
        }
      },
      {
        "package": "CwlPreconditionTesting",
        "repositoryURL": "https://github.com/mattgallagher/CwlPreconditionTesting.git",
        "state": {
          "branch": null,
          "revision": "c21f7bab5ca8eee0a9998bbd17ca1d0eb45d4688",
          "version": "2.1.0"
        }
      },
      {
        "package": "DiffableDataSources",
        "repositoryURL": "https://github.com/ra1028/DiffableDataSources.git",
        "state": {
          "branch": null,
          "revision": "a457cf63456b3aeec2a3626af0230c98b0733927",
          "version": "0.5.0"
        }
      },
      {
        "package": "DifferenceKit",
        "repositoryURL": "https://github.com/ra1028/DifferenceKit.git",
        "state": {
          "branch": null,
          "revision": "62745d7780deef4a023a792a1f8f763ec7bf9705",
          "version": "1.2.0"
        }
      },
      {
        "package": "Draftsman",
        "repositoryURL": "https://github.com/hainayanda/Draftsman.git",
        "state": {
          "branch": null,
          "revision": "4c1e96b6a0076ed2a91099a7702ff3748ab8e4ce",
          "version": "3.0.3"
        }
      },
      {
        "package": "Nimble",
        "repositoryURL": "https://github.com/Quick/Nimble.git",
        "state": {
          "branch": null,
          "revision": "c93f16c25af5770f0d3e6af27c9634640946b068",
          "version": "9.2.1"
        }
      },
      {
        "package": "Pharos",
        "repositoryURL": "https://github.com/hainayanda/Pharos.git",
        "state": {
          "branch": null,
          "revision": "4c2cc2a23cb5c6c368b2e09f68ed93fdfa524cc5",
          "version": "2.2.1"
        }
      },
      {
        "package": "Quick",
        "repositoryURL": "https://github.com/Quick/Quick.git",
        "state": {
          "branch": null,
          "revision": "bd86ca0141e3cfb333546de5a11ede63f0c4a0e6",
          "version": "4.0.0"
        }
      }
    ]
  },
  "version": 1
}
