{
  "object": {
    "pins": [
      {
        "package": "Builder",
        "repositoryURL": "https://github.com/hainayanda/Builder.git",
        "state": {
          "branch": null,
          "revision": "01268107ca1754c200453446699092451ed340f5",
          "version": "1.0.4"
        }
      },
      {
        "package": "Chary",
        "repositoryURL": "https://github.com/hainayanda/Chary.git",
        "state": {
          "branch": null,
          "revision": "fd457cc09d2e7bd8ab27677550afdb7d15830b9e",
          "version": "1.0.1"
        }
      },
      {
        "package": "Clavier",
        "repositoryURL": "https://github.com/hainayanda/Clavier.git",
        "state": {
          "branch": null,
          "revision": "fde955d2d64a1ead83f7e2275d2bf3912a62ac5e",
          "version": "2.0.1"
        }
      },
      {
        "package": "CwlCatchException",
        "repositoryURL": "https://github.com/mattgallagher/CwlCatchException.git",
        "state": {
          "branch": null,
          "revision": "f809deb30dc5c9d9b78c872e553261a61177721a",
          "version": "2.0.0"
        }
      },
      {
        "package": "CwlPreconditionTesting",
        "repositoryURL": "https://github.com/mattgallagher/CwlPreconditionTesting.git",
        "state": {
          "branch": null,
          "revision": "c21f7bab5ca8eee0a9998bbd17ca1d0eb45d4688",
          "version": "2.1.0"
        }
      },
      {
        "package": "DiffableDataSources",
        "repositoryURL": "https://github.com/ra1028/DiffableDataSources.git",
        "state": {
          "branch": null,
          "revision": "a457cf63456b3aeec2a3626af0230c98b0733927",
          "version": "0.5.0"
        }
      },
      {
        "package": "DifferenceKit",
        "repositoryURL": "https://github.com/ra1028/DifferenceKit.git",
        "state": {
          "branch": null,
          "revision": "62745d7780deef4a023a792a1f8f763ec7bf9705",
          "version": "1.2.0"
        }
      },
      {
        "package": "Draftsman",
        "repositoryURL": "https://github.com/hainayanda/Draftsman.git",
        "state": {
          "branch": null,
          "revision": "69aea89f0be8584dc4d5f19e6bf828a3d2af2518",
          "version": "3.0.4"
        }
      },
      {
        "package": "Nimble",
        "repositoryURL": "https://github.com/Quick/Nimble.git",
        "state": {
          "branch": null,
          "revision": "1f3bde57bde12f5e7b07909848c071e9b73d6edc",
          "version": "10.0.0"
        }
      },
      {
        "package": "Pharos",
        "repositoryURL": "https://github.com/hainayanda/Pharos.git",
        "state": {
          "branch": null,
          "revision": "e0c40bfd05b26b7d64fb59cb46a2ec75ec8ae057",
          "version": "2.3.1"
        }
      },
      {
        "package": "Quick",
        "repositoryURL": "https://github.com/Quick/Quick.git",
        "state": {
          "branch": null,
          "revision": "f9d519828bb03dfc8125467d8f7b93131951124c",
          "version": "5.0.1"
        }
      }
    ]
  },
  "version": 1
}
