{
  "object": {
    "pins": [
      {
        "package": "Builder",
        "repositoryURL": "https://github.com/hainayanda/Builder.git",
        "state": {
          "branch": null,
          "revision": "135f18c811c2e75f4a2fc8aae5e02c6c37d8d672",
          "version": "1.0.5"
        }
      },
      {
        "package": "Chary",
        "repositoryURL": "https://github.com/hainayanda/Chary.git",
        "state": {
          "branch": null,
          "revision": "afcddefdd56cbd6df198382bd2c65c7998f8d240",
          "version": "1.0.2"
        }
      },
      {
        "package": "Clavier",
        "repositoryURL": "https://github.com/hainayanda/Clavier.git",
        "state": {
          "branch": null,
          "revision": "acd31f2629d20b2df77ccb440ab2cb6bc2f7cfc6",
          "version": "2.0.2"
        }
      },
      {
        "package": "DiffableDataSources",
        "repositoryURL": "https://github.com/ra1028/DiffableDataSources.git",
        "state": {
          "branch": null,
          "revision": "a457cf63456b3aeec2a3626af0230c98b0733927",
          "version": "0.5.0"
        }
      },
      {
        "package": "DifferenceKit",
        "repositoryURL": "https://github.com/ra1028/DifferenceKit.git",
        "state": {
          "branch": null,
          "revision": "62745d7780deef4a023a792a1f8f763ec7bf9705",
          "version": "1.2.0"
        }
      },
      {
        "package": "Draftsman",
        "repositoryURL": "https://github.com/hainayanda/Draftsman.git",
        "state": {
          "branch": null,
          "revision": "4f5560ff7073e23a6d7e79680a736ff81944ca57",
          "version": "3.0.6"
        }
      },
      {
        "package": "Pharos",
        "repositoryURL": "https://github.com/hainayanda/Pharos.git",
        "state": {
          "branch": null,
          "revision": "cc7f92b5f907131a61999d0674daaffe6129ddcb",
          "version": "2.3.5"
        }
      }
    ]
  },
  "version": 1
}
