// !$*UTF8*$!
{
	archiveVersion = 1;
	classes = {
	};
	objectVersion = 46;
	objects = {

/* Begin PBXBuildFile section */
		607FACD61AFB9204008FA782 /* AppDelegate.swift in Sources */ = {isa = PBXBuildFile; fileRef = 607FACD51AFB9204008FA782 /* AppDelegate.swift */; };
		607FACD81AFB9204008FA782 /* EventSearchScreen.swift in Sources */ = {isa = PBXBuildFile; fileRef = 607FACD71AFB9204008FA782 /* EventSearchScreen.swift */; };
		607FACDD1AFB9204008FA782 /* Images.xcassets in Resources */ = {isa = PBXBuildFile; fileRef = 607FACDC1AFB9204008FA782 /* Images.xcassets */; };
		607FACE01AFB9204008FA782 /* LaunchScreen.xib in Resources */ = {isa = PBXBuildFile; fileRef = 607FACDE1AFB9204008FA782 /* LaunchScreen.xib */; };
		716D67B6E515B153412416D0 /* Pods_Artisan_Example.framework in Frameworks */ = {isa = PBXBuildFile; fileRef = 34EFEDA3E99CC66FC0A60A05 /* Pods_Artisan_Example.framework */; };
		BB0D09332591B41C00C209E1 /* CommonSpec.swift in Sources */ = {isa = PBXBuildFile; fileRef = BB0D09322591B41C00C209E1 /* CommonSpec.swift */; };
		BB0D093C2591BB4F00C209E1 /* CellMediatorSpec.swift in Sources */ = {isa = PBXBuildFile; fileRef = BB0D093B2591BB4F00C209E1 /* CellMediatorSpec.swift */; };
		BB0D09422591BBB800C209E1 /* CellContainerSpec.swift in Sources */ = {isa = PBXBuildFile; fileRef = BB0D09412591BBB800C209E1 /* CellContainerSpec.swift */; };
		BB0D094A2591BC5700C209E1 /* CellContainerMediatorSpec.swift in Sources */ = {isa = PBXBuildFile; fileRef = BB0D09492591BC5700C209E1 /* CellContainerMediatorSpec.swift */; };
		BB0D09502591BCAD00C209E1 /* MediatorSpec.swift in Sources */ = {isa = PBXBuildFile; fileRef = BB0D094F2591BCAD00C209E1 /* MediatorSpec.swift */; };
		BB0D09872591C45300C209E1 /* Constants.swift in Sources */ = {isa = PBXBuildFile; fileRef = BB0D09862591C45300C209E1 /* Constants.swift */; };
		BB0D098D2591C4DA00C209E1 /* EventSearchScreenVM.swift in Sources */ = {isa = PBXBuildFile; fileRef = BB0D098C2591C4DA00C209E1 /* EventSearchScreenVM.swift */; };
		BB0D099B2591DDB800C209E1 /* EventCell.swift in Sources */ = {isa = PBXBuildFile; fileRef = BB0D099A2591DDB800C209E1 /* EventCell.swift */; };
		BB0D09A12591E99700C209E1 /* MockEventService.swift in Sources */ = {isa = PBXBuildFile; fileRef = BB0D09A02591E99700C209E1 /* MockEventService.swift */; };
		BB4B5ECF259450C8005DC1CD /* SimilarEventCell.swift in Sources */ = {isa = PBXBuildFile; fileRef = BB4B5ECE259450C8005DC1CD /* SimilarEventCell.swift */; };
		BBE69CD9259B0DD500F2BEE3 /* EventCollectionCell.swift in Sources */ = {isa = PBXBuildFile; fileRef = BBE69CD8259B0DD500F2BEE3 /* EventCollectionCell.swift */; };
		BBE69CDD259B686A00F2BEE3 /* Router.swift in Sources */ = {isa = PBXBuildFile; fileRef = BBE69CDC259B686A00F2BEE3 /* Router.swift */; };
		BBF98C2525936AE2002AF568 /* KeywordCell.swift in Sources */ = {isa = PBXBuildFile; fileRef = BBF98C2425936AE2002AF568 /* KeywordCell.swift */; };
		BBF98C402593C414002AF568 /* EventDetailsScreen.swift in Sources */ = {isa = PBXBuildFile; fileRef = BBF98C3F2593C414002AF568 /* EventDetailsScreen.swift */; };
		BBF98C452593C5EA002AF568 /* EventDetailScreenVM.swift in Sources */ = {isa = PBXBuildFile; fileRef = BBF98C442593C5EA002AF568 /* EventDetailScreenVM.swift */; };
		BBF98C4A2593C68B002AF568 /* EventHeaderCell.swift in Sources */ = {isa = PBXBuildFile; fileRef = BBF98C492593C68B002AF568 /* EventHeaderCell.swift */; };
		C2F68948D69197EA6D212290 /* Pods_Artisan_Tests.framework in Frameworks */ = {isa = PBXBuildFile; fileRef = 2769C24CE93AE61A51D7ED87 /* Pods_Artisan_Tests.framework */; };
/* End PBXBuildFile section */

/* Begin PBXContainerItemProxy section */
		607FACE61AFB9204008FA782 /* PBXContainerItemProxy */ = {
			isa = PBXContainerItemProxy;
			containerPortal = 607FACC81AFB9204008FA782 /* Project object */;
			proxyType = 1;
			remoteGlobalIDString = 607FACCF1AFB9204008FA782;
			remoteInfo = Artisan;
		};
/* End PBXContainerItemProxy section */

/* Begin PBXFileReference section */
		2769C24CE93AE61A51D7ED87 /* Pods_Artisan_Tests.framework */ = {isa = PBXFileReference; explicitFileType = wrapper.framework; includeInIndex = 0; path = Pods_Artisan_Tests.framework; sourceTree = BUILT_PRODUCTS_DIR; };
		34EFEDA3E99CC66FC0A60A05 /* Pods_Artisan_Example.framework */ = {isa = PBXFileReference; explicitFileType = wrapper.framework; includeInIndex = 0; path = Pods_Artisan_Example.framework; sourceTree = BUILT_PRODUCTS_DIR; };
		35438F42FF1235431C8342E0 /* README.md */ = {isa = PBXFileReference; includeInIndex = 1; lastKnownFileType = net.daringfireball.markdown; name = README.md; path = ../README.md; sourceTree = "<group>"; };
		4AB26340A3EE42AC3C573492 /* Artisan.podspec */ = {isa = PBXFileReference; includeInIndex = 1; lastKnownFileType = text; name = Artisan.podspec; path = ../Artisan.podspec; sourceTree = "<group>"; xcLanguageSpecificationIdentifier = xcode.lang.ruby; };
		607FACD01AFB9204008FA782 /* Artisan_Example.app */ = {isa = PBXFileReference; explicitFileType = wrapper.application; includeInIndex = 0; path = Artisan_Example.app; sourceTree = BUILT_PRODUCTS_DIR; };
		607FACD41AFB9204008FA782 /* Info.plist */ = {isa = PBXFileReference; lastKnownFileType = text.plist.xml; path = Info.plist; sourceTree = "<group>"; };
		607FACD51AFB9204008FA782 /* AppDelegate.swift */ = {isa = PBXFileReference; lastKnownFileType = sourcecode.swift; path = AppDelegate.swift; sourceTree = "<group>"; };
		607FACD71AFB9204008FA782 /* EventSearchScreen.swift */ = {isa = PBXFileReference; lastKnownFileType = sourcecode.swift; path = EventSearchScreen.swift; sourceTree = "<group>"; };
		607FACDC1AFB9204008FA782 /* Images.xcassets */ = {isa = PBXFileReference; lastKnownFileType = folder.assetcatalog; path = Images.xcassets; sourceTree = "<group>"; };
		607FACDF1AFB9204008FA782 /* Base */ = {isa = PBXFileReference; lastKnownFileType = file.xib; name = Base; path = Base.lproj/LaunchScreen.xib; sourceTree = "<group>"; };
		607FACE51AFB9204008FA782 /* Artisan_Tests.xctest */ = {isa = PBXFileReference; explicitFileType = wrapper.cfbundle; includeInIndex = 0; path = Artisan_Tests.xctest; sourceTree = BUILT_PRODUCTS_DIR; };
		607FACEA1AFB9204008FA782 /* Info.plist */ = {isa = PBXFileReference; lastKnownFileType = text.plist.xml; path = Info.plist; sourceTree = "<group>"; };
		707361EB6E824177FA9C301F /* LICENSE */ = {isa = PBXFileReference; includeInIndex = 1; lastKnownFileType = text; name = LICENSE; path = ../LICENSE; sourceTree = "<group>"; };
		879BE10A59B15D19AC963F2E /* Pods-Artisan_Example.debug.xcconfig */ = {isa = PBXFileReference; includeInIndex = 1; lastKnownFileType = text.xcconfig; name = "Pods-Artisan_Example.debug.xcconfig"; path = "Target Support Files/Pods-Artisan_Example/Pods-Artisan_Example.debug.xcconfig"; sourceTree = "<group>"; };
		BB0D09322591B41C00C209E1 /* CommonSpec.swift */ = {isa = PBXFileReference; fileEncoding = 4; lastKnownFileType = sourcecode.swift; path = CommonSpec.swift; sourceTree = "<group>"; };
		BB0D093B2591BB4F00C209E1 /* CellMediatorSpec.swift */ = {isa = PBXFileReference; fileEncoding = 4; lastKnownFileType = sourcecode.swift; path = CellMediatorSpec.swift; sourceTree = "<group>"; };
		BB0D09412591BBB800C209E1 /* CellContainerSpec.swift */ = {isa = PBXFileReference; fileEncoding = 4; lastKnownFileType = sourcecode.swift; path = CellContainerSpec.swift; sourceTree = "<group>"; };
		BB0D09492591BC5700C209E1 /* CellContainerMediatorSpec.swift */ = {isa = PBXFileReference; fileEncoding = 4; lastKnownFileType = sourcecode.swift; path = CellContainerMediatorSpec.swift; sourceTree = "<group>"; };
		BB0D094F2591BCAD00C209E1 /* MediatorSpec.swift */ = {isa = PBXFileReference; fileEncoding = 4; lastKnownFileType = sourcecode.swift; path = MediatorSpec.swift; sourceTree = "<group>"; };
		BB0D09862591C45300C209E1 /* Constants.swift */ = {isa = PBXFileReference; lastKnownFileType = sourcecode.swift; path = Constants.swift; sourceTree = "<group>"; };
		BB0D098C2591C4DA00C209E1 /* EventSearchScreenVM.swift */ = {isa = PBXFileReference; lastKnownFileType = sourcecode.swift; path = EventSearchScreenVM.swift; sourceTree = "<group>"; };
		BB0D099A2591DDB800C209E1 /* EventCell.swift */ = {isa = PBXFileReference; lastKnownFileType = sourcecode.swift; path = EventCell.swift; sourceTree = "<group>"; };
		BB0D09A02591E99700C209E1 /* MockEventService.swift */ = {isa = PBXFileReference; lastKnownFileType = sourcecode.swift; path = MockEventService.swift; sourceTree = "<group>"; };
		BB4B5ECE259450C8005DC1CD /* SimilarEventCell.swift */ = {isa = PBXFileReference; lastKnownFileType = sourcecode.swift; path = SimilarEventCell.swift; sourceTree = "<group>"; };
		BBE69CD8259B0DD500F2BEE3 /* EventCollectionCell.swift */ = {isa = PBXFileReference; lastKnownFileType = sourcecode.swift; path = EventCollectionCell.swift; sourceTree = "<group>"; };
		BBE69CDC259B686A00F2BEE3 /* Router.swift */ = {isa = PBXFileReference; lastKnownFileType = sourcecode.swift; path = Router.swift; sourceTree = "<group>"; };
		BBED3C0025911F81004DF5F1 /* Artisan_Tests-Bridging-Header.h */ = {isa = PBXFileReference; lastKnownFileType = sourcecode.c.h; path = "Artisan_Tests-Bridging-Header.h"; sourceTree = "<group>"; };
		BBF98C2425936AE2002AF568 /* KeywordCell.swift */ = {isa = PBXFileReference; lastKnownFileType = sourcecode.swift; path = KeywordCell.swift; sourceTree = "<group>"; };
		BBF98C3F2593C414002AF568 /* EventDetailsScreen.swift */ = {isa = PBXFileReference; lastKnownFileType = sourcecode.swift; path = EventDetailsScreen.swift; sourceTree = "<group>"; };
		BBF98C442593C5EA002AF568 /* EventDetailScreenVM.swift */ = {isa = PBXFileReference; lastKnownFileType = sourcecode.swift; path = EventDetailScreenVM.swift; sourceTree = "<group>"; };
		BBF98C492593C68B002AF568 /* EventHeaderCell.swift */ = {isa = PBXFileReference; lastKnownFileType = sourcecode.swift; path = EventHeaderCell.swift; sourceTree = "<group>"; };
		D5F58F2417560DDDF0AD0E24 /* Pods-Artisan_Example.release.xcconfig */ = {isa = PBXFileReference; includeInIndex = 1; lastKnownFileType = text.xcconfig; name = "Pods-Artisan_Example.release.xcconfig"; path = "Target Support Files/Pods-Artisan_Example/Pods-Artisan_Example.release.xcconfig"; sourceTree = "<group>"; };
		D850CDF6D53932569C4B20C3 /* Pods-Artisan_Tests.release.xcconfig */ = {isa = PBXFileReference; includeInIndex = 1; lastKnownFileType = text.xcconfig; name = "Pods-Artisan_Tests.release.xcconfig"; path = "Target Support Files/Pods-Artisan_Tests/Pods-Artisan_Tests.release.xcconfig"; sourceTree = "<group>"; };
		DC8A44295F25844F8072B11E /* Pods-Artisan_Tests.debug.xcconfig */ = {isa = PBXFileReference; includeInIndex = 1; lastKnownFileType = text.xcconfig; name = "Pods-Artisan_Tests.debug.xcconfig"; path = "Target Support Files/Pods-Artisan_Tests/Pods-Artisan_Tests.debug.xcconfig"; sourceTree = "<group>"; };
/* End PBXFileReference section */

/* Begin PBXFrameworksBuildPhase section */
		607FACCD1AFB9204008FA782 /* Frameworks */ = {
			isa = PBXFrameworksBuildPhase;
			buildActionMask = 2147483647;
			files = (
				716D67B6E515B153412416D0 /* Pods_Artisan_Example.framework in Frameworks */,
			);
			runOnlyForDeploymentPostprocessing = 0;
		};
		607FACE21AFB9204008FA782 /* Frameworks */ = {
			isa = PBXFrameworksBuildPhase;
			buildActionMask = 2147483647;
			files = (
				C2F68948D69197EA6D212290 /* Pods_Artisan_Tests.framework in Frameworks */,
			);
			runOnlyForDeploymentPostprocessing = 0;
		};
/* End PBXFrameworksBuildPhase section */

/* Begin PBXGroup section */
		607FACC71AFB9204008FA782 = {
			isa = PBXGroup;
			children = (
				607FACF51AFB993E008FA782 /* Podspec Metadata */,
				607FACD21AFB9204008FA782 /* Example for Artisan */,
				607FACE81AFB9204008FA782 /* Tests */,
				607FACD11AFB9204008FA782 /* Products */,
				D6154310B51A7BC8D1290CE7 /* Pods */,
				9F3C91428E434F54A0853CA0 /* Frameworks */,
			);
			sourceTree = "<group>";
		};
		607FACD11AFB9204008FA782 /* Products */ = {
			isa = PBXGroup;
			children = (
				607FACD01AFB9204008FA782 /* Artisan_Example.app */,
				607FACE51AFB9204008FA782 /* Artisan_Tests.xctest */,
			);
			name = Products;
			sourceTree = "<group>";
		};
		607FACD21AFB9204008FA782 /* Example for Artisan */ = {
			isa = PBXGroup;
			children = (
				BBF98C3E2593C3E8002AF568 /* Details */,
				BB0D09852591C43100C209E1 /* Utilities */,
				BB0D09792591BFD600C209E1 /* Home */,
				607FACD51AFB9204008FA782 /* AppDelegate.swift */,
				607FACDC1AFB9204008FA782 /* Images.xcassets */,
				607FACDE1AFB9204008FA782 /* LaunchScreen.xib */,
				607FACD31AFB9204008FA782 /* Supporting Files */,
			);
			name = "Example for Artisan";
			path = Artisan;
			sourceTree = "<group>";
		};
		607FACD31AFB9204008FA782 /* Supporting Files */ = {
			isa = PBXGroup;
			children = (
				607FACD41AFB9204008FA782 /* Info.plist */,
			);
			name = "Supporting Files";
			sourceTree = "<group>";
		};
		607FACE81AFB9204008FA782 /* Tests */ = {
			isa = PBXGroup;
			children = (
				BBED3C0025911F81004DF5F1 /* Artisan_Tests-Bridging-Header.h */,
				BB0D093A2591BB2600C209E1 /* Mediator */,
				607FACE91AFB9204008FA782 /* Supporting Files */,
				BB0D092A2591B39300C209E1 /* Utilities */,
			);
			path = Tests;
			sourceTree = "<group>";
		};
		607FACE91AFB9204008FA782 /* Supporting Files */ = {
			isa = PBXGroup;
			children = (
				607FACEA1AFB9204008FA782 /* Info.plist */,
			);
			name = "Supporting Files";
			sourceTree = "<group>";
		};
		607FACF51AFB993E008FA782 /* Podspec Metadata */ = {
			isa = PBXGroup;
			children = (
				4AB26340A3EE42AC3C573492 /* Artisan.podspec */,
				35438F42FF1235431C8342E0 /* README.md */,
				707361EB6E824177FA9C301F /* LICENSE */,
			);
			name = "Podspec Metadata";
			sourceTree = "<group>";
		};
		9F3C91428E434F54A0853CA0 /* Frameworks */ = {
			isa = PBXGroup;
			children = (
				34EFEDA3E99CC66FC0A60A05 /* Pods_Artisan_Example.framework */,
				2769C24CE93AE61A51D7ED87 /* Pods_Artisan_Tests.framework */,
			);
			name = Frameworks;
			sourceTree = "<group>";
		};
		BB0D092A2591B39300C209E1 /* Utilities */ = {
			isa = PBXGroup;
			children = (
				BB0D09322591B41C00C209E1 /* CommonSpec.swift */,
			);
			name = Utilities;
			sourceTree = "<group>";
		};
		BB0D093A2591BB2600C209E1 /* Mediator */ = {
			isa = PBXGroup;
			children = (
				BB0D093B2591BB4F00C209E1 /* CellMediatorSpec.swift */,
				BB0D09412591BBB800C209E1 /* CellContainerSpec.swift */,
				BB0D09492591BC5700C209E1 /* CellContainerMediatorSpec.swift */,
				BB0D094F2591BCAD00C209E1 /* MediatorSpec.swift */,
			);
			name = Mediator;
			sourceTree = "<group>";
		};
		BB0D09792591BFD600C209E1 /* Home */ = {
			isa = PBXGroup;
			children = (
				BBF98C432593C5CE002AF568 /* Cell */,
				607FACD71AFB9204008FA782 /* EventSearchScreen.swift */,
				BB0D098C2591C4DA00C209E1 /* EventSearchScreenVM.swift */,
			);
			path = Home;
			sourceTree = "<group>";
		};
		BB0D09852591C43100C209E1 /* Utilities */ = {
			isa = PBXGroup;
			children = (
				BB0D09862591C45300C209E1 /* Constants.swift */,
				BB0D09A02591E99700C209E1 /* MockEventService.swift */,
				BBE69CDC259B686A00F2BEE3 /* Router.swift */,
			);
			path = Utilities;
			sourceTree = "<group>";
		};
		BBF98C3E2593C3E8002AF568 /* Details */ = {
			isa = PBXGroup;
			children = (
				BBF98C482593C676002AF568 /* Cell */,
				BBF98C3F2593C414002AF568 /* EventDetailsScreen.swift */,
				BBF98C442593C5EA002AF568 /* EventDetailScreenVM.swift */,
			);
			path = Details;
			sourceTree = "<group>";
		};
		BBF98C432593C5CE002AF568 /* Cell */ = {
			isa = PBXGroup;
			children = (
				BB0D099A2591DDB800C209E1 /* EventCell.swift */,
				BBF98C2425936AE2002AF568 /* KeywordCell.swift */,
			);
			path = Cell;
			sourceTree = "<group>";
		};
		BBF98C482593C676002AF568 /* Cell */ = {
			isa = PBXGroup;
			children = (
				BBF98C492593C68B002AF568 /* EventHeaderCell.swift */,
				BB4B5ECE259450C8005DC1CD /* SimilarEventCell.swift */,
				BBE69CD8259B0DD500F2BEE3 /* EventCollectionCell.swift */,
			);
			path = Cell;
			sourceTree = "<group>";
		};
		D6154310B51A7BC8D1290CE7 /* Pods */ = {
			isa = PBXGroup;
			children = (
				879BE10A59B15D19AC963F2E /* Pods-Artisan_Example.debug.xcconfig */,
				D5F58F2417560DDDF0AD0E24 /* Pods-Artisan_Example.release.xcconfig */,
				DC8A44295F25844F8072B11E /* Pods-Artisan_Tests.debug.xcconfig */,
				D850CDF6D53932569C4B20C3 /* Pods-Artisan_Tests.release.xcconfig */,
			);
			path = Pods;
			sourceTree = "<group>";
		};
/* End PBXGroup section */

/* Begin PBXNativeTarget section */
		607FACCF1AFB9204008FA782 /* Artisan_Example */ = {
			isa = PBXNativeTarget;
			buildConfigurationList = 607FACEF1AFB9204008FA782 /* Build configuration list for PBXNativeTarget "Artisan_Example" */;
			buildPhases = (
				731D324FB89587C8744584E7 /* [CP] Check Pods Manifest.lock */,
				607FACCC1AFB9204008FA782 /* Sources */,
				607FACCD1AFB9204008FA782 /* Frameworks */,
				607FACCE1AFB9204008FA782 /* Resources */,
				13BDDE92894D5B8F12C7D930 /* [CP] Embed Pods Frameworks */,
			);
			buildRules = (
			);
			dependencies = (
			);
			name = Artisan_Example;
			productName = Artisan;
			productReference = 607FACD01AFB9204008FA782 /* Artisan_Example.app */;
			productType = "com.apple.product-type.application";
		};
		607FACE41AFB9204008FA782 /* Artisan_Tests */ = {
			isa = PBXNativeTarget;
			buildConfigurationList = 607FACF21AFB9204008FA782 /* Build configuration list for PBXNativeTarget "Artisan_Tests" */;
			buildPhases = (
				FE4FA1AB80E7E7E1880F84D0 /* [CP] Check Pods Manifest.lock */,
				607FACE11AFB9204008FA782 /* Sources */,
				607FACE21AFB9204008FA782 /* Frameworks */,
				607FACE31AFB9204008FA782 /* Resources */,
				10F9811DD21B4C0062ADF2C1 /* [CP] Embed Pods Frameworks */,
			);
			buildRules = (
			);
			dependencies = (
				607FACE71AFB9204008FA782 /* PBXTargetDependency */,
			);
			name = Artisan_Tests;
			productName = Tests;
			productReference = 607FACE51AFB9204008FA782 /* Artisan_Tests.xctest */;
			productType = "com.apple.product-type.bundle.unit-test";
		};
/* End PBXNativeTarget section */

/* Begin PBXProject section */
		607FACC81AFB9204008FA782 /* Project object */ = {
			isa = PBXProject;
			attributes = {
				LastSwiftUpdateCheck = 0830;
				LastUpgradeCheck = 0830;
				ORGANIZATIONNAME = CocoaPods;
				TargetAttributes = {
					607FACCF1AFB9204008FA782 = {
						CreatedOnToolsVersion = 6.3.1;
						LastSwiftMigration = 0900;
					};
					607FACE41AFB9204008FA782 = {
						CreatedOnToolsVersion = 6.3.1;
						LastSwiftMigration = 1230;
						TestTargetID = 607FACCF1AFB9204008FA782;
					};
				};
			};
			buildConfigurationList = 607FACCB1AFB9204008FA782 /* Build configuration list for PBXProject "Artisan" */;
			compatibilityVersion = "Xcode 3.2";
			developmentRegion = English;
			hasScannedForEncodings = 0;
			knownRegions = (
				English,
				en,
				Base,
			);
			mainGroup = 607FACC71AFB9204008FA782;
			productRefGroup = 607FACD11AFB9204008FA782 /* Products */;
			projectDirPath = "";
			projectRoot = "";
			targets = (
				607FACCF1AFB9204008FA782 /* Artisan_Example */,
				607FACE41AFB9204008FA782 /* Artisan_Tests */,
			);
		};
/* End PBXProject section */

/* Begin PBXResourcesBuildPhase section */
		607FACCE1AFB9204008FA782 /* Resources */ = {
			isa = PBXResourcesBuildPhase;
			buildActionMask = 2147483647;
			files = (
				607FACE01AFB9204008FA782 /* LaunchScreen.xib in Resources */,
				607FACDD1AFB9204008FA782 /* Images.xcassets in Resources */,
			);
			runOnlyForDeploymentPostprocessing = 0;
		};
		607FACE31AFB9204008FA782 /* Resources */ = {
			isa = PBXResourcesBuildPhase;
			buildActionMask = 2147483647;
			files = (
			);
			runOnlyForDeploymentPostprocessing = 0;
		};
/* End PBXResourcesBuildPhase section */

/* Begin PBXShellScriptBuildPhase section */
		10F9811DD21B4C0062ADF2C1 /* [CP] Embed Pods Frameworks */ = {
			isa = PBXShellScriptBuildPhase;
			buildActionMask = 2147483647;
			files = (
			);
			inputPaths = (
				"${PODS_ROOT}/Target Support Files/Pods-Artisan_Tests/Pods-Artisan_Tests-frameworks.sh",
				"${BUILT_PRODUCTS_DIR}/FBSnapshotTestCase/FBSnapshotTestCase.framework",
				"${BUILT_PRODUCTS_DIR}/Nimble/Nimble.framework",
				"${BUILT_PRODUCTS_DIR}/Nimble-Snapshots/Nimble_Snapshots.framework",
				"${BUILT_PRODUCTS_DIR}/Quick/Quick.framework",
				"${BUILT_PRODUCTS_DIR}/iOSSnapshotTestCase/FBSnapshotTestCase.framework",
			);
			name = "[CP] Embed Pods Frameworks";
			outputPaths = (
				"${TARGET_BUILD_DIR}/${FRAMEWORKS_FOLDER_PATH}/FBSnapshotTestCase.framework",
				"${TARGET_BUILD_DIR}/${FRAMEWORKS_FOLDER_PATH}/Nimble.framework",
				"${TARGET_BUILD_DIR}/${FRAMEWORKS_FOLDER_PATH}/Nimble_Snapshots.framework",
				"${TARGET_BUILD_DIR}/${FRAMEWORKS_FOLDER_PATH}/Quick.framework",
			);
			runOnlyForDeploymentPostprocessing = 0;
			shellPath = /bin/sh;
			shellScript = "\"${PODS_ROOT}/Target Support Files/Pods-Artisan_Tests/Pods-Artisan_Tests-frameworks.sh\"\n";
			showEnvVarsInLog = 0;
		};
		13BDDE92894D5B8F12C7D930 /* [CP] Embed Pods Frameworks */ = {
			isa = PBXShellScriptBuildPhase;
			buildActionMask = 2147483647;
			files = (
			);
			inputPaths = (
				"${PODS_ROOT}/Target Support Files/Pods-Artisan_Example/Pods-Artisan_Example-frameworks.sh",
				"${BUILT_PRODUCTS_DIR}/Artisan/Artisan.framework",
				"${BUILT_PRODUCTS_DIR}/Builder/Builder.framework",
				"${BUILT_PRODUCTS_DIR}/Clavier/Clavier.framework",
				"${BUILT_PRODUCTS_DIR}/Draftsman/Draftsman.framework",
				"${BUILT_PRODUCTS_DIR}/Pharos/Pharos.framework",
			);
			name = "[CP] Embed Pods Frameworks";
			outputPaths = (
				"${TARGET_BUILD_DIR}/${FRAMEWORKS_FOLDER_PATH}/Artisan.framework",
				"${TARGET_BUILD_DIR}/${FRAMEWORKS_FOLDER_PATH}/Builder.framework",
				"${TARGET_BUILD_DIR}/${FRAMEWORKS_FOLDER_PATH}/Clavier.framework",
				"${TARGET_BUILD_DIR}/${FRAMEWORKS_FOLDER_PATH}/Draftsman.framework",
				"${TARGET_BUILD_DIR}/${FRAMEWORKS_FOLDER_PATH}/Pharos.framework",
			);
			runOnlyForDeploymentPostprocessing = 0;
			shellPath = /bin/sh;
			shellScript = "\"${PODS_ROOT}/Target Support Files/Pods-Artisan_Example/Pods-Artisan_Example-frameworks.sh\"\n";
			showEnvVarsInLog = 0;
		};
		731D324FB89587C8744584E7 /* [CP] Check Pods Manifest.lock */ = {
			isa = PBXShellScriptBuildPhase;
			buildActionMask = 2147483647;
			files = (
			);
			inputFileListPaths = (
			);
			inputPaths = (
				"${PODS_PODFILE_DIR_PATH}/Podfile.lock",
				"${PODS_ROOT}/Manifest.lock",
			);
			name = "[CP] Check Pods Manifest.lock";
			outputFileListPaths = (
			);
			outputPaths = (
				"$(DERIVED_FILE_DIR)/Pods-Artisan_Example-checkManifestLockResult.txt",
			);
			runOnlyForDeploymentPostprocessing = 0;
			shellPath = /bin/sh;
			shellScript = "diff \"${PODS_PODFILE_DIR_PATH}/Podfile.lock\" \"${PODS_ROOT}/Manifest.lock\" > /dev/null\nif [ $? != 0 ] ; then\n    # print error to STDERR\n    echo \"error: The sandbox is not in sync with the Podfile.lock. Run 'pod install' or update your CocoaPods installation.\" >&2\n    exit 1\nfi\n# This output is used by Xcode 'outputs' to avoid re-running this script phase.\necho \"SUCCESS\" > \"${SCRIPT_OUTPUT_FILE_0}\"\n";
			showEnvVarsInLog = 0;
		};
		FE4FA1AB80E7E7E1880F84D0 /* [CP] Check Pods Manifest.lock */ = {
			isa = PBXShellScriptBuildPhase;
			buildActionMask = 2147483647;
			files = (
			);
			inputFileListPaths = (
			);
			inputPaths = (
				"${PODS_PODFILE_DIR_PATH}/Podfile.lock",
				"${PODS_ROOT}/Manifest.lock",
			);
			name = "[CP] Check Pods Manifest.lock";
			outputFileListPaths = (
			);
			outputPaths = (
				"$(DERIVED_FILE_DIR)/Pods-Artisan_Tests-checkManifestLockResult.txt",
			);
			runOnlyForDeploymentPostprocessing = 0;
			shellPath = /bin/sh;
			shellScript = "diff \"${PODS_PODFILE_DIR_PATH}/Podfile.lock\" \"${PODS_ROOT}/Manifest.lock\" > /dev/null\nif [ $? != 0 ] ; then\n    # print error to STDERR\n    echo \"error: The sandbox is not in sync with the Podfile.lock. Run 'pod install' or update your CocoaPods installation.\" >&2\n    exit 1\nfi\n# This output is used by Xcode 'outputs' to avoid re-running this script phase.\necho \"SUCCESS\" > \"${SCRIPT_OUTPUT_FILE_0}\"\n";
			showEnvVarsInLog = 0;
		};
/* End PBXShellScriptBuildPhase section */

/* Begin PBXSourcesBuildPhase section */
		607FACCC1AFB9204008FA782 /* Sources */ = {
			isa = PBXSourcesBuildPhase;
			buildActionMask = 2147483647;
			files = (
				607FACD81AFB9204008FA782 /* EventSearchScreen.swift in Sources */,
				BBF98C4A2593C68B002AF568 /* EventHeaderCell.swift in Sources */,
				BBF98C2525936AE2002AF568 /* KeywordCell.swift in Sources */,
				BB4B5ECF259450C8005DC1CD /* SimilarEventCell.swift in Sources */,
				BB0D09872591C45300C209E1 /* Constants.swift in Sources */,
				BBF98C452593C5EA002AF568 /* EventDetailScreenVM.swift in Sources */,
				BBE69CD9259B0DD500F2BEE3 /* EventCollectionCell.swift in Sources */,
				BBF98C402593C414002AF568 /* EventDetailsScreen.swift in Sources */,
				BB0D09A12591E99700C209E1 /* MockEventService.swift in Sources */,
				607FACD61AFB9204008FA782 /* AppDelegate.swift in Sources */,
				BB0D099B2591DDB800C209E1 /* EventCell.swift in Sources */,
				BB0D098D2591C4DA00C209E1 /* EventSearchScreenVM.swift in Sources */,
				BBE69CDD259B686A00F2BEE3 /* Router.swift in Sources */,
			);
			runOnlyForDeploymentPostprocessing = 0;
		};
		607FACE11AFB9204008FA782 /* Sources */ = {
			isa = PBXSourcesBuildPhase;
			buildActionMask = 2147483647;
			files = (
				BB0D093C2591BB4F00C209E1 /* CellMediatorSpec.swift in Sources */,
				BB0D09422591BBB800C209E1 /* CellContainerSpec.swift in Sources */,
				BB0D094A2591BC5700C209E1 /* CellContainerMediatorSpec.swift in Sources */,
				BB0D09502591BCAD00C209E1 /* MediatorSpec.swift in Sources */,
				BB0D09332591B41C00C209E1 /* CommonSpec.swift in Sources */,
			);
			runOnlyForDeploymentPostprocessing = 0;
		};
/* End PBXSourcesBuildPhase section */

/* Begin PBXTargetDependency section */
		607FACE71AFB9204008FA782 /* PBXTargetDependency */ = {
			isa = PBXTargetDependency;
			target = 607FACCF1AFB9204008FA782 /* Artisan_Example */;
			targetProxy = 607FACE61AFB9204008FA782 /* PBXContainerItemProxy */;
		};
/* End PBXTargetDependency section */

/* Begin PBXVariantGroup section */
		607FACDE1AFB9204008FA782 /* LaunchScreen.xib */ = {
			isa = PBXVariantGroup;
			children = (
				607FACDF1AFB9204008FA782 /* Base */,
			);
			name = LaunchScreen.xib;
			sourceTree = "<group>";
		};
/* End PBXVariantGroup section */

/* Begin XCBuildConfiguration section */
		607FACED1AFB9204008FA782 /* Debug */ = {
			isa = XCBuildConfiguration;
			buildSettings = {
				ALWAYS_SEARCH_USER_PATHS = NO;
				CLANG_CXX_LANGUAGE_STANDARD = "gnu++0x";
				CLANG_CXX_LIBRARY = "libc++";
				CLANG_ENABLE_MODULES = YES;
				CLANG_ENABLE_OBJC_ARC = YES;
				CLANG_WARN_BLOCK_CAPTURE_AUTORELEASING = YES;
				CLANG_WARN_BOOL_CONVERSION = YES;
				CLANG_WARN_COMMA = YES;
				CLANG_WARN_CONSTANT_CONVERSION = YES;
				CLANG_WARN_DIRECT_OBJC_ISA_USAGE = YES_ERROR;
				CLANG_WARN_EMPTY_BODY = YES;
				CLANG_WARN_ENUM_CONVERSION = YES;
				CLANG_WARN_INFINITE_RECURSION = YES;
				CLANG_WARN_INT_CONVERSION = YES;
				CLANG_WARN_NON_LITERAL_NULL_CONVERSION = YES;
				CLANG_WARN_OBJC_LITERAL_CONVERSION = YES;
				CLANG_WARN_OBJC_ROOT_CLASS = YES_ERROR;
				CLANG_WARN_RANGE_LOOP_ANALYSIS = YES;
				CLANG_WARN_STRICT_PROTOTYPES = YES;
				CLANG_WARN_SUSPICIOUS_MOVE = YES;
				CLANG_WARN_UNREACHABLE_CODE = YES;
				CLANG_WARN__DUPLICATE_METHOD_MATCH = YES;
				"CODE_SIGN_IDENTITY[sdk=iphoneos*]" = "iPhone Developer";
				COPY_PHASE_STRIP = NO;
				DEBUG_INFORMATION_FORMAT = "dwarf-with-dsym";
				ENABLE_STRICT_OBJC_MSGSEND = YES;
				ENABLE_TESTABILITY = YES;
				GCC_C_LANGUAGE_STANDARD = gnu99;
				GCC_DYNAMIC_NO_PIC = NO;
				GCC_NO_COMMON_BLOCKS = YES;
				GCC_OPTIMIZATION_LEVEL = 0;
				GCC_PREPROCESSOR_DEFINITIONS = (
					"DEBUG=1",
					"$(inherited)",
				);
				GCC_SYMBOLS_PRIVATE_EXTERN = NO;
				GCC_WARN_64_TO_32_BIT_CONVERSION = YES;
				GCC_WARN_ABOUT_RETURN_TYPE = YES_ERROR;
				GCC_WARN_UNDECLARED_SELECTOR = YES;
				GCC_WARN_UNINITIALIZED_AUTOS = YES_AGGRESSIVE;
				GCC_WARN_UNUSED_FUNCTION = YES;
				GCC_WARN_UNUSED_VARIABLE = YES;
				IPHONEOS_DEPLOYMENT_TARGET = 10.0;
				MTL_ENABLE_DEBUG_INFO = YES;
				ONLY_ACTIVE_ARCH = YES;
				SDKROOT = iphoneos;
				SWIFT_OPTIMIZATION_LEVEL = "-Onone";
			};
			name = Debug;
		};
		607FACEE1AFB9204008FA782 /* Release */ = {
			isa = XCBuildConfiguration;
			buildSettings = {
				ALWAYS_SEARCH_USER_PATHS = NO;
				CLANG_CXX_LANGUAGE_STANDARD = "gnu++0x";
				CLANG_CXX_LIBRARY = "libc++";
				CLANG_ENABLE_MODULES = YES;
				CLANG_ENABLE_OBJC_ARC = YES;
				CLANG_WARN_BLOCK_CAPTURE_AUTORELEASING = YES;
				CLANG_WARN_BOOL_CONVERSION = YES;
				CLANG_WARN_COMMA = YES;
				CLANG_WARN_CONSTANT_CONVERSION = YES;
				CLANG_WARN_DIRECT_OBJC_ISA_USAGE = YES_ERROR;
				CLANG_WARN_EMPTY_BODY = YES;
				CLANG_WARN_ENUM_CONVERSION = YES;
				CLANG_WARN_INFINITE_RECURSION = YES;
				CLANG_WARN_INT_CONVERSION = YES;
				CLANG_WARN_NON_LITERAL_NULL_CONVERSION = YES;
				CLANG_WARN_OBJC_LITERAL_CONVERSION = YES;
				CLANG_WARN_OBJC_ROOT_CLASS = YES_ERROR;
				CLANG_WARN_RANGE_LOOP_ANALYSIS = YES;
				CLANG_WARN_STRICT_PROTOTYPES = YES;
				CLANG_WARN_SUSPICIOUS_MOVE = YES;
				CLANG_WARN_UNREACHABLE_CODE = YES;
				CLANG_WARN__DUPLICATE_METHOD_MATCH = YES;
				"CODE_SIGN_IDENTITY[sdk=iphoneos*]" = "iPhone Developer";
				COPY_PHASE_STRIP = NO;
				DEBUG_INFORMATION_FORMAT = "dwarf-with-dsym";
				ENABLE_NS_ASSERTIONS = NO;
				ENABLE_STRICT_OBJC_MSGSEND = YES;
				GCC_C_LANGUAGE_STANDARD = gnu99;
				GCC_NO_COMMON_BLOCKS = YES;
				GCC_WARN_64_TO_32_BIT_CONVERSION = YES;
				GCC_WARN_ABOUT_RETURN_TYPE = YES_ERROR;
				GCC_WARN_UNDECLARED_SELECTOR = YES;
				GCC_WARN_UNINITIALIZED_AUTOS = YES_AGGRESSIVE;
				GCC_WARN_UNUSED_FUNCTION = YES;
				GCC_WARN_UNUSED_VARIABLE = YES;
				IPHONEOS_DEPLOYMENT_TARGET = 10.0;
				MTL_ENABLE_DEBUG_INFO = NO;
				SDKROOT = iphoneos;
				SWIFT_OPTIMIZATION_LEVEL = "-Owholemodule";
				VALIDATE_PRODUCT = YES;
			};
			name = Release;
		};
		607FACF01AFB9204008FA782 /* Debug */ = {
			isa = XCBuildConfiguration;
			baseConfigurationReference = 879BE10A59B15D19AC963F2E /* Pods-Artisan_Example.debug.xcconfig */;
			buildSettings = {
				ASSETCATALOG_COMPILER_APPICON_NAME = AppIcon;
				INFOPLIST_FILE = Artisan/Info.plist;
				IPHONEOS_DEPLOYMENT_TARGET = 10.0;
				LD_RUNPATH_SEARCH_PATHS = "$(inherited) @executable_path/Frameworks";
				MODULE_NAME = ExampleApp;
				PRODUCT_BUNDLE_IDENTIFIER = "org.cocoapods.demo.$(PRODUCT_NAME:rfc1034identifier)";
				PRODUCT_NAME = "$(TARGET_NAME)";
				SWIFT_SWIFT3_OBJC_INFERENCE = Default;
				SWIFT_VERSION = 5.0;
			};
			name = Debug;
		};
		607FACF11AFB9204008FA782 /* Release */ = {
			isa = XCBuildConfiguration;
			baseConfigurationReference = D5F58F2417560DDDF0AD0E24 /* Pods-Artisan_Example.release.xcconfig */;
			buildSettings = {
				ASSETCATALOG_COMPILER_APPICON_NAME = AppIcon;
				INFOPLIST_FILE = Artisan/Info.plist;
				IPHONEOS_DEPLOYMENT_TARGET = 10.0;
				LD_RUNPATH_SEARCH_PATHS = "$(inherited) @executable_path/Frameworks";
				MODULE_NAME = ExampleApp;
				PRODUCT_BUNDLE_IDENTIFIER = "org.cocoapods.demo.$(PRODUCT_NAME:rfc1034identifier)";
				PRODUCT_NAME = "$(TARGET_NAME)";
				SWIFT_SWIFT3_OBJC_INFERENCE = Default;
				SWIFT_VERSION = 5.0;
			};
			name = Release;
		};
		607FACF31AFB9204008FA782 /* Debug */ = {
			isa = XCBuildConfiguration;
			baseConfigurationReference = DC8A44295F25844F8072B11E /* Pods-Artisan_Tests.debug.xcconfig */;
			buildSettings = {
				CLANG_ENABLE_MODULES = YES;
				FRAMEWORK_SEARCH_PATHS = (
					"$(PLATFORM_DIR)/Developer/Library/Frameworks",
					"$(inherited)",
				);
				GCC_PREPROCESSOR_DEFINITIONS = (
					"DEBUG=1",
					"$(inherited)",
				);
				INFOPLIST_FILE = Tests/Info.plist;
				LD_RUNPATH_SEARCH_PATHS = "$(inherited) @executable_path/Frameworks @loader_path/Frameworks";
				PRODUCT_BUNDLE_IDENTIFIER = "org.cocoapods.$(PRODUCT_NAME:rfc1034identifier)";
				PRODUCT_NAME = "$(TARGET_NAME)";
				SWIFT_OBJC_BRIDGING_HEADER = "Tests/Artisan_Tests-Bridging-Header.h";
				SWIFT_OPTIMIZATION_LEVEL = "-Onone";
				SWIFT_SWIFT3_OBJC_INFERENCE = Default;
				SWIFT_VERSION = 5.0;
				TEST_HOST = "$(BUILT_PRODUCTS_DIR)/Artisan_Example.app/Artisan_Example";
			};
			name = Debug;
		};
		607FACF41AFB9204008FA782 /* Release */ = {
			isa = XCBuildConfiguration;
			baseConfigurationReference = D850CDF6D53932569C4B20C3 /* Pods-Artisan_Tests.release.xcconfig */;
			buildSettings = {
				CLANG_ENABLE_MODULES = YES;
				FRAMEWORK_SEARCH_PATHS = (
					"$(PLATFORM_DIR)/Developer/Library/Frameworks",
					"$(inherited)",
				);
				INFOPLIST_FILE = Tests/Info.plist;
				LD_RUNPATH_SEARCH_PATHS = "$(inherited) @executable_path/Frameworks @loader_path/Frameworks";
				PRODUCT_BUNDLE_IDENTIFIER = "org.cocoapods.$(PRODUCT_NAME:rfc1034identifier)";
				PRODUCT_NAME = "$(TARGET_NAME)";
				SWIFT_OBJC_BRIDGING_HEADER = "Tests/Artisan_Tests-Bridging-Header.h";
				SWIFT_SWIFT3_OBJC_INFERENCE = Default;
				SWIFT_VERSION = 5.0;
				TEST_HOST = "$(BUILT_PRODUCTS_DIR)/Artisan_Example.app/Artisan_Example";
			};
			name = Release;
		};
/* End XCBuildConfiguration section */

/* Begin XCConfigurationList section */
		607FACCB1AFB9204008FA782 /* Build configuration list for PBXProject "Artisan" */ = {
			isa = XCConfigurationList;
			buildConfigurations = (
				607FACED1AFB9204008FA782 /* Debug */,
				607FACEE1AFB9204008FA782 /* Release */,
			);
			defaultConfigurationIsVisible = 0;
			defaultConfigurationName = Release;
		};
		607FACEF1AFB9204008FA782 /* Build configuration list for PBXNativeTarget "Artisan_Example" */ = {
			isa = XCConfigurationList;
			buildConfigurations = (
				607FACF01AFB9204008FA782 /* Debug */,
				607FACF11AFB9204008FA782 /* Release */,
			);
			defaultConfigurationIsVisible = 0;
			defaultConfigurationName = Release;
		};
		607FACF21AFB9204008FA782 /* Build configuration list for PBXNativeTarget "Artisan_Tests" */ = {
			isa = XCConfigurationList;
			buildConfigurations = (
				607FACF31AFB9204008FA782 /* Debug */,
				607FACF41AFB9204008FA782 /* Release */,
			);
			defaultConfigurationIsVisible = 0;
			defaultConfigurationName = Release;
		};
/* End XCConfigurationList section */
	};
	rootObject = 607FACC81AFB9204008FA782 /* Project object */;
}
